// !$*UTF8*$!
{
	archiveVersion = 1;
	classes = {
	};
	objectVersion = 48;
	objects = {

/* Begin PBXBuildFile section */
		1B1C4A481F5CC0AB00B60604 /* PhotoSelectorController.swift in Sources */ = {isa = PBXBuildFile; fileRef = 1B1C4A471F5CC0AB00B60604 /* PhotoSelectorController.swift */; };
		1BA17D8E1F58849200837AF1 /* AppDelegate.swift in Sources */ = {isa = PBXBuildFile; fileRef = 1BA17D8D1F58849200837AF1 /* AppDelegate.swift */; };
		1BA17D901F58849200837AF1 /* SignUpController.swift in Sources */ = {isa = PBXBuildFile; fileRef = 1BA17D8F1F58849200837AF1 /* SignUpController.swift */; };
		1BA17D931F58849200837AF1 /* Main.storyboard in Resources */ = {isa = PBXBuildFile; fileRef = 1BA17D911F58849200837AF1 /* Main.storyboard */; };
		1BA17D951F58849200837AF1 /* Assets.xcassets in Resources */ = {isa = PBXBuildFile; fileRef = 1BA17D941F58849200837AF1 /* Assets.xcassets */; };
		1BA17D981F58849200837AF1 /* LaunchScreen.storyboard in Resources */ = {isa = PBXBuildFile; fileRef = 1BA17D961F58849200837AF1 /* LaunchScreen.storyboard */; };
		1BA17DA11F5890B600837AF1 /* Extensions.swift in Sources */ = {isa = PBXBuildFile; fileRef = 1BA17DA01F5890B600837AF1 /* Extensions.swift */; };
		1BA17DA31F589E2D00837AF1 /* GoogleService-Info.plist in Resources */ = {isa = PBXBuildFile; fileRef = 1BA17DA21F589E2D00837AF1 /* GoogleService-Info.plist */; };
		1BE9FBE61F58CE49000F3B65 /* MainTabBarController.swift in Sources */ = {isa = PBXBuildFile; fileRef = 1BE9FBE51F58CE49000F3B65 /* MainTabBarController.swift */; };
		1BE9FBE81F58CFA8000F3B65 /* UserProfileController.swift in Sources */ = {isa = PBXBuildFile; fileRef = 1BE9FBE71F58CFA8000F3B65 /* UserProfileController.swift */; };
		1BE9FBEB1F58DE11000F3B65 /* UserProfileHeader.swift in Sources */ = {isa = PBXBuildFile; fileRef = 1BE9FBEA1F58DE11000F3B65 /* UserProfileHeader.swift */; };
		1BE9FBEE1F592EF6000F3B65 /* LoginController.swift in Sources */ = {isa = PBXBuildFile; fileRef = 1BE9FBED1F592EF6000F3B65 /* LoginController.swift */; };
		A78CEB852D0471147DAB7AC3 /* Pods_InstagramFirebase.framework in Frameworks */ = {isa = PBXBuildFile; fileRef = BCEBA2EE3A82AF084BC3F14F /* Pods_InstagramFirebase.framework */; };
/* End PBXBuildFile section */

/* Begin PBXFileReference section */
		0CE05CAB5A656F936E33B35E /* Pods-InstagramFirebase.release.xcconfig */ = {isa = PBXFileReference; includeInIndex = 1; lastKnownFileType = text.xcconfig; name = "Pods-InstagramFirebase.release.xcconfig"; path = "Pods/Target Support Files/Pods-InstagramFirebase/Pods-InstagramFirebase.release.xcconfig"; sourceTree = "<group>"; };
		1B1C4A471F5CC0AB00B60604 /* PhotoSelectorController.swift */ = {isa = PBXFileReference; lastKnownFileType = sourcecode.swift; path = PhotoSelectorController.swift; sourceTree = "<group>"; };
		1BA17D8A1F58849200837AF1 /* InstagramFirebase.app */ = {isa = PBXFileReference; explicitFileType = wrapper.application; includeInIndex = 0; path = InstagramFirebase.app; sourceTree = BUILT_PRODUCTS_DIR; };
		1BA17D8D1F58849200837AF1 /* AppDelegate.swift */ = {isa = PBXFileReference; lastKnownFileType = sourcecode.swift; path = AppDelegate.swift; sourceTree = "<group>"; };
		1BA17D8F1F58849200837AF1 /* SignUpController.swift */ = {isa = PBXFileReference; lastKnownFileType = sourcecode.swift; path = SignUpController.swift; sourceTree = "<group>"; };
		1BA17D921F58849200837AF1 /* Base */ = {isa = PBXFileReference; lastKnownFileType = file.storyboard; name = Base; path = Base.lproj/Main.storyboard; sourceTree = "<group>"; };
		1BA17D941F58849200837AF1 /* Assets.xcassets */ = {isa = PBXFileReference; lastKnownFileType = folder.assetcatalog; path = Assets.xcassets; sourceTree = "<group>"; };
		1BA17D971F58849200837AF1 /* Base */ = {isa = PBXFileReference; lastKnownFileType = file.storyboard; name = Base; path = Base.lproj/LaunchScreen.storyboard; sourceTree = "<group>"; };
		1BA17D991F58849200837AF1 /* Info.plist */ = {isa = PBXFileReference; lastKnownFileType = text.plist.xml; path = Info.plist; sourceTree = "<group>"; };
		1BA17DA01F5890B600837AF1 /* Extensions.swift */ = {isa = PBXFileReference; lastKnownFileType = sourcecode.swift; path = Extensions.swift; sourceTree = "<group>"; };
		1BA17DA21F589E2D00837AF1 /* GoogleService-Info.plist */ = {isa = PBXFileReference; fileEncoding = 4; lastKnownFileType = text.plist.xml; name = "GoogleService-Info.plist"; path = "../../../../Downloads/GoogleService-Info.plist"; sourceTree = "<group>"; };
		1BE9FBE51F58CE49000F3B65 /* MainTabBarController.swift */ = {isa = PBXFileReference; lastKnownFileType = sourcecode.swift; path = MainTabBarController.swift; sourceTree = "<group>"; };
		1BE9FBE71F58CFA8000F3B65 /* UserProfileController.swift */ = {isa = PBXFileReference; lastKnownFileType = sourcecode.swift; path = UserProfileController.swift; sourceTree = "<group>"; };
		1BE9FBEA1F58DE11000F3B65 /* UserProfileHeader.swift */ = {isa = PBXFileReference; lastKnownFileType = sourcecode.swift; path = UserProfileHeader.swift; sourceTree = "<group>"; };
		1BE9FBED1F592EF6000F3B65 /* LoginController.swift */ = {isa = PBXFileReference; lastKnownFileType = sourcecode.swift; path = LoginController.swift; sourceTree = "<group>"; };
		7C0E476EFF00428142220FC5 /* Pods-InstagramFirebase.debug.xcconfig */ = {isa = PBXFileReference; includeInIndex = 1; lastKnownFileType = text.xcconfig; name = "Pods-InstagramFirebase.debug.xcconfig"; path = "Pods/Target Support Files/Pods-InstagramFirebase/Pods-InstagramFirebase.debug.xcconfig"; sourceTree = "<group>"; };
		BCEBA2EE3A82AF084BC3F14F /* Pods_InstagramFirebase.framework */ = {isa = PBXFileReference; explicitFileType = wrapper.framework; includeInIndex = 0; path = Pods_InstagramFirebase.framework; sourceTree = BUILT_PRODUCTS_DIR; };
/* End PBXFileReference section */

/* Begin PBXFrameworksBuildPhase section */
		1BA17D871F58849200837AF1 /* Frameworks */ = {
			isa = PBXFrameworksBuildPhase;
			buildActionMask = 2147483647;
			files = (
				A78CEB852D0471147DAB7AC3 /* Pods_InstagramFirebase.framework in Frameworks */,
			);
			runOnlyForDeploymentPostprocessing = 0;
		};
/* End PBXFrameworksBuildPhase section */

/* Begin PBXGroup section */
		06779E558EEA6542D87FECE1 /* Frameworks */ = {
			isa = PBXGroup;
			children = (
				BCEBA2EE3A82AF084BC3F14F /* Pods_InstagramFirebase.framework */,
			);
			name = Frameworks;
			sourceTree = "<group>";
		};
		1B1C4A461F5CC08F00B60604 /* AddPhoto */ = {
			isa = PBXGroup;
			children = (
				1B1C4A471F5CC0AB00B60604 /* PhotoSelectorController.swift */,
			);
			path = AddPhoto;
			sourceTree = "<group>";
		};
		1BA17D811F58849200837AF1 = {
			isa = PBXGroup;
			children = (
				1BA17D8C1F58849200837AF1 /* InstagramFirebase */,
				1BA17D8B1F58849200837AF1 /* Products */,
				75D5282903D81ED3B13370FD /* Pods */,
				06779E558EEA6542D87FECE1 /* Frameworks */,
			);
			sourceTree = "<group>";
		};
		1BA17D8B1F58849200837AF1 /* Products */ = {
			isa = PBXGroup;
			children = (
				1BA17D8A1F58849200837AF1 /* InstagramFirebase.app */,
			);
			name = Products;
			sourceTree = "<group>";
		};
		1BA17D8C1F58849200837AF1 /* InstagramFirebase */ = {
			isa = PBXGroup;
			children = (
				1B1C4A461F5CC08F00B60604 /* AddPhoto */,
				1BE9FBEC1F592EE8000F3B65 /* Login */,
				1BE9FBE91F58DDFD000F3B65 /* UserProfile */,
				1BA17D9F1F58909C00837AF1 /* Utils */,
				1BA17D8D1F58849200837AF1 /* AppDelegate.swift */,
				1BE9FBE51F58CE49000F3B65 /* MainTabBarController.swift */,
				1BA17D911F58849200837AF1 /* Main.storyboard */,
				1BA17D941F58849200837AF1 /* Assets.xcassets */,
				1BA17D961F58849200837AF1 /* LaunchScreen.storyboard */,
				1BA17D991F58849200837AF1 /* Info.plist */,
				1BA17DA21F589E2D00837AF1 /* GoogleService-Info.plist */,
			);
			path = InstagramFirebase;
			sourceTree = "<group>";
		};
		1BA17D9F1F58909C00837AF1 /* Utils */ = {
			isa = PBXGroup;
			children = (
				1BA17DA01F5890B600837AF1 /* Extensions.swift */,
			);
			path = Utils;
			sourceTree = "<group>";
		};
		1BE9FBE91F58DDFD000F3B65 /* UserProfile */ = {
			isa = PBXGroup;
			children = (
				1BE9FBE71F58CFA8000F3B65 /* UserProfileController.swift */,
				1BE9FBEA1F58DE11000F3B65 /* UserProfileHeader.swift */,
			);
			path = UserProfile;
			sourceTree = "<group>";
		};
		1BE9FBEC1F592EE8000F3B65 /* Login */ = {
			isa = PBXGroup;
			children = (
				1BE9FBED1F592EF6000F3B65 /* LoginController.swift */,
				1BA17D8F1F58849200837AF1 /* SignUpController.swift */,
			);
			path = Login;
			sourceTree = "<group>";
		};
		75D5282903D81ED3B13370FD /* Pods */ = {
			isa = PBXGroup;
			children = (
				7C0E476EFF00428142220FC5 /* Pods-InstagramFirebase.debug.xcconfig */,
				0CE05CAB5A656F936E33B35E /* Pods-InstagramFirebase.release.xcconfig */,
			);
			name = Pods;
			sourceTree = "<group>";
		};
/* End PBXGroup section */

/* Begin PBXNativeTarget section */
		1BA17D891F58849200837AF1 /* InstagramFirebase */ = {
			isa = PBXNativeTarget;
			buildConfigurationList = 1BA17D9C1F58849200837AF1 /* Build configuration list for PBXNativeTarget "InstagramFirebase" */;
			buildPhases = (
				AC29B16733C3B33C07F06F2F /* [CP] Check Pods Manifest.lock */,
				1BA17D861F58849200837AF1 /* Sources */,
				1BA17D871F58849200837AF1 /* Frameworks */,
				1BA17D881F58849200837AF1 /* Resources */,
				86CD66744EB927D51E855400 /* [CP] Embed Pods Frameworks */,
				4EF142A5E4F631EBE717FC39 /* [CP] Copy Pods Resources */,
			);
			buildRules = (
			);
			dependencies = (
			);
			name = InstagramFirebase;
			productName = InstagramFirebase;
			productReference = 1BA17D8A1F58849200837AF1 /* InstagramFirebase.app */;
			productType = "com.apple.product-type.application";
		};
/* End PBXNativeTarget section */

/* Begin PBXProject section */
		1BA17D821F58849200837AF1 /* Project object */ = {
			isa = PBXProject;
			attributes = {
				LastSwiftUpdateCheck = 0900;
				LastUpgradeCheck = 0900;
				ORGANIZATIONNAME = "John Ryan";
				TargetAttributes = {
					1BA17D891F58849200837AF1 = {
						CreatedOnToolsVersion = 9.0;
					};
				};
			};
			buildConfigurationList = 1BA17D851F58849200837AF1 /* Build configuration list for PBXProject "InstagramFirebase" */;
			compatibilityVersion = "Xcode 8.0";
			developmentRegion = en;
			hasScannedForEncodings = 0;
			knownRegions = (
				en,
				Base,
			);
			mainGroup = 1BA17D811F58849200837AF1;
			productRefGroup = 1BA17D8B1F58849200837AF1 /* Products */;
			projectDirPath = "";
			projectRoot = "";
			targets = (
				1BA17D891F58849200837AF1 /* InstagramFirebase */,
			);
		};
/* End PBXProject section */

/* Begin PBXResourcesBuildPhase section */
		1BA17D881F58849200837AF1 /* Resources */ = {
			isa = PBXResourcesBuildPhase;
			buildActionMask = 2147483647;
			files = (
				1BA17D981F58849200837AF1 /* LaunchScreen.storyboard in Resources */,
				1BA17DA31F589E2D00837AF1 /* GoogleService-Info.plist in Resources */,
				1BA17D951F58849200837AF1 /* Assets.xcassets in Resources */,
				1BA17D931F58849200837AF1 /* Main.storyboard in Resources */,
			);
			runOnlyForDeploymentPostprocessing = 0;
		};
/* End PBXResourcesBuildPhase section */

/* Begin PBXShellScriptBuildPhase section */
		4EF142A5E4F631EBE717FC39 /* [CP] Copy Pods Resources */ = {
			isa = PBXShellScriptBuildPhase;
			buildActionMask = 2147483647;
			files = (
			);
			inputPaths = (
			);
			name = "[CP] Copy Pods Resources";
			outputPaths = (
			);
			runOnlyForDeploymentPostprocessing = 0;
			shellPath = /bin/sh;
			shellScript = "\"${SRCROOT}/Pods/Target Support Files/Pods-InstagramFirebase/Pods-InstagramFirebase-resources.sh\"\n";
			showEnvVarsInLog = 0;
		};
		86CD66744EB927D51E855400 /* [CP] Embed Pods Frameworks */ = {
			isa = PBXShellScriptBuildPhase;
			buildActionMask = 2147483647;
			files = (
			);
			inputPaths = (
			);
			name = "[CP] Embed Pods Frameworks";
			outputPaths = (
			);
			runOnlyForDeploymentPostprocessing = 0;
			shellPath = /bin/sh;
			shellScript = "\"${SRCROOT}/Pods/Target Support Files/Pods-InstagramFirebase/Pods-InstagramFirebase-frameworks.sh\"\n";
			showEnvVarsInLog = 0;
		};
		AC29B16733C3B33C07F06F2F /* [CP] Check Pods Manifest.lock */ = {
			isa = PBXShellScriptBuildPhase;
			buildActionMask = 2147483647;
			files = (
			);
			inputPaths = (
			);
			name = "[CP] Check Pods Manifest.lock";
			outputPaths = (
			);
			runOnlyForDeploymentPostprocessing = 0;
			shellPath = /bin/sh;
			shellScript = "diff \"${PODS_PODFILE_DIR_PATH}/Podfile.lock\" \"${PODS_ROOT}/Manifest.lock\" > /dev/null\nif [ $? != 0 ] ; then\n    # print error to STDERR\n    echo \"error: The sandbox is not in sync with the Podfile.lock. Run 'pod install' or update your CocoaPods installation.\" >&2\n    exit 1\nfi\n";
			showEnvVarsInLog = 0;
		};
/* End PBXShellScriptBuildPhase section */

/* Begin PBXSourcesBuildPhase section */
		1BA17D861F58849200837AF1 /* Sources */ = {
			isa = PBXSourcesBuildPhase;
			buildActionMask = 2147483647;
			files = (
				1BA17D901F58849200837AF1 /* SignUpController.swift in Sources */,
				1BA17DA11F5890B600837AF1 /* Extensions.swift in Sources */,
				1BE9FBE61F58CE49000F3B65 /* MainTabBarController.swift in Sources */,
				1BE9FBEB1F58DE11000F3B65 /* UserProfileHeader.swift in Sources */,
				1BE9FBE81F58CFA8000F3B65 /* UserProfileController.swift in Sources */,
				1BA17D8E1F58849200837AF1 /* AppDelegate.swift in Sources */,
				1BE9FBEE1F592EF6000F3B65 /* LoginController.swift in Sources */,
				1B1C4A481F5CC0AB00B60604 /* PhotoSelectorController.swift in Sources */,
			);
			runOnlyForDeploymentPostprocessing = 0;
		};
/* End PBXSourcesBuildPhase section */

/* Begin PBXVariantGroup section */
		1BA17D911F58849200837AF1 /* Main.storyboard */ = {
			isa = PBXVariantGroup;
			children = (
				1BA17D921F58849200837AF1 /* Base */,
			);
			name = Main.storyboard;
			sourceTree = "<group>";
		};
		1BA17D961F58849200837AF1 /* LaunchScreen.storyboard */ = {
			isa = PBXVariantGroup;
			children = (
				1BA17D971F58849200837AF1 /* Base */,
			);
			name = LaunchScreen.storyboard;
			sourceTree = "<group>";
		};
/* End PBXVariantGroup section */

/* Begin XCBuildConfiguration section */
		1BA17D9A1F58849200837AF1 /* Debug */ = {
			isa = XCBuildConfiguration;
			buildSettings = {
				ALWAYS_SEARCH_USER_PATHS = NO;
				CLANG_ANALYZER_NONNULL = YES;
				CLANG_ANALYZER_NUMBER_OBJECT_CONVERSION = YES_AGGRESSIVE;
				CLANG_CXX_LANGUAGE_STANDARD = "gnu++14";
				CLANG_CXX_LIBRARY = "libc++";
				CLANG_ENABLE_MODULES = YES;
				CLANG_ENABLE_OBJC_ARC = YES;
				CLANG_WARN_BLOCK_CAPTURE_AUTORELEASING = YES;
				CLANG_WARN_BOOL_CONVERSION = YES;
				CLANG_WARN_COMMA = YES;
				CLANG_WARN_CONSTANT_CONVERSION = YES;
				CLANG_WARN_DIRECT_OBJC_ISA_USAGE = YES_ERROR;
				CLANG_WARN_DOCUMENTATION_COMMENTS = YES;
				CLANG_WARN_EMPTY_BODY = YES;
				CLANG_WARN_ENUM_CONVERSION = YES;
				CLANG_WARN_INFINITE_RECURSION = YES;
				CLANG_WARN_INT_CONVERSION = YES;
				CLANG_WARN_NON_LITERAL_NULL_CONVERSION = YES;
				CLANG_WARN_OBJC_LITERAL_CONVERSION = YES;
				CLANG_WARN_OBJC_ROOT_CLASS = YES_ERROR;
				CLANG_WARN_RANGE_LOOP_ANALYSIS = YES;
				CLANG_WARN_STRICT_PROTOTYPES = YES;
				CLANG_WARN_SUSPICIOUS_MOVE = YES;
				CLANG_WARN_UNGUARDED_AVAILABILITY = YES_AGGRESSIVE;
				CLANG_WARN_UNREACHABLE_CODE = YES;
				CLANG_WARN__DUPLICATE_METHOD_MATCH = YES;
				CODE_SIGN_IDENTITY = "iPhone Developer";
				COPY_PHASE_STRIP = NO;
				DEBUG_INFORMATION_FORMAT = dwarf;
				ENABLE_STRICT_OBJC_MSGSEND = YES;
				ENABLE_TESTABILITY = YES;
				GCC_C_LANGUAGE_STANDARD = gnu11;
				GCC_DYNAMIC_NO_PIC = NO;
				GCC_NO_COMMON_BLOCKS = YES;
				GCC_OPTIMIZATION_LEVEL = 0;
				GCC_PREPROCESSOR_DEFINITIONS = (
					"DEBUG=1",
					"$(inherited)",
				);
				GCC_WARN_64_TO_32_BIT_CONVERSION = YES;
				GCC_WARN_ABOUT_RETURN_TYPE = YES_ERROR;
				GCC_WARN_UNDECLARED_SELECTOR = YES;
				GCC_WARN_UNINITIALIZED_AUTOS = YES_AGGRESSIVE;
				GCC_WARN_UNUSED_FUNCTION = YES;
				GCC_WARN_UNUSED_VARIABLE = YES;
				IPHONEOS_DEPLOYMENT_TARGET = 11.0;
				MTL_ENABLE_DEBUG_INFO = YES;
				ONLY_ACTIVE_ARCH = YES;
				SDKROOT = iphoneos;
				SWIFT_ACTIVE_COMPILATION_CONDITIONS = DEBUG;
				SWIFT_OPTIMIZATION_LEVEL = "-Onone";
			};
			name = Debug;
		};
		1BA17D9B1F58849200837AF1 /* Release */ = {
			isa = XCBuildConfiguration;
			buildSettings = {
				ALWAYS_SEARCH_USER_PATHS = NO;
				CLANG_ANALYZER_NONNULL = YES;
				CLANG_ANALYZER_NUMBER_OBJECT_CONVERSION = YES_AGGRESSIVE;
				CLANG_CXX_LANGUAGE_STANDARD = "gnu++14";
				CLANG_CXX_LIBRARY = "libc++";
				CLANG_ENABLE_MODULES = YES;
				CLANG_ENABLE_OBJC_ARC = YES;
				CLANG_WARN_BLOCK_CAPTURE_AUTORELEASING = YES;
				CLANG_WARN_BOOL_CONVERSION = YES;
				CLANG_WARN_COMMA = YES;
				CLANG_WARN_CONSTANT_CONVERSION = YES;
				CLANG_WARN_DIRECT_OBJC_ISA_USAGE = YES_ERROR;
				CLANG_WARN_DOCUMENTATION_COMMENTS = YES;
				CLANG_WARN_EMPTY_BODY = YES;
				CLANG_WARN_ENUM_CONVERSION = YES;
				CLANG_WARN_INFINITE_RECURSION = YES;
				CLANG_WARN_INT_CONVERSION = YES;
				CLANG_WARN_NON_LITERAL_NULL_CONVERSION = YES;
				CLANG_WARN_OBJC_LITERAL_CONVERSION = YES;
				CLANG_WARN_OBJC_ROOT_CLASS = YES_ERROR;
				CLANG_WARN_RANGE_LOOP_ANALYSIS = YES;
				CLANG_WARN_STRICT_PROTOTYPES = YES;
				CLANG_WARN_SUSPICIOUS_MOVE = YES;
				CLANG_WARN_UNGUARDED_AVAILABILITY = YES_AGGRESSIVE;
				CLANG_WARN_UNREACHABLE_CODE = YES;
				CLANG_WARN__DUPLICATE_METHOD_MATCH = YES;
				CODE_SIGN_IDENTITY = "iPhone Developer";
				COPY_PHASE_STRIP = NO;
				DEBUG_INFORMATION_FORMAT = "dwarf-with-dsym";
				ENABLE_NS_ASSERTIONS = NO;
				ENABLE_STRICT_OBJC_MSGSEND = YES;
				GCC_C_LANGUAGE_STANDARD = gnu11;
				GCC_NO_COMMON_BLOCKS = YES;
				GCC_WARN_64_TO_32_BIT_CONVERSION = YES;
				GCC_WARN_ABOUT_RETURN_TYPE = YES_ERROR;
				GCC_WARN_UNDECLARED_SELECTOR = YES;
				GCC_WARN_UNINITIALIZED_AUTOS = YES_AGGRESSIVE;
				GCC_WARN_UNUSED_FUNCTION = YES;
				GCC_WARN_UNUSED_VARIABLE = YES;
				IPHONEOS_DEPLOYMENT_TARGET = 11.0;
				MTL_ENABLE_DEBUG_INFO = NO;
				SDKROOT = iphoneos;
				SWIFT_OPTIMIZATION_LEVEL = "-Owholemodule";
				VALIDATE_PRODUCT = YES;
			};
			name = Release;
		};
		1BA17D9D1F58849200837AF1 /* Debug */ = {
			isa = XCBuildConfiguration;
			baseConfigurationReference = 7C0E476EFF00428142220FC5 /* Pods-InstagramFirebase.debug.xcconfig */;
			buildSettings = {
				ASSETCATALOG_COMPILER_APPICON_NAME = AppIcon;
				DEVELOPMENT_TEAM = TN57A332FD;
				INFOPLIST_FILE = InstagramFirebase/Info.plist;
				LD_RUNPATH_SEARCH_PATHS = "$(inherited) @executable_path/Frameworks";
				PRODUCT_BUNDLE_IDENTIFIER = com.tide.InstagramFirebase;
				PRODUCT_NAME = "$(TARGET_NAME)";
				SWIFT_VERSION = 4.0;
				TARGETED_DEVICE_FAMILY = "1,2";
			};
			name = Debug;
		};
		1BA17D9E1F58849200837AF1 /* Release */ = {
			isa = XCBuildConfiguration;
			baseConfigurationReference = 0CE05CAB5A656F936E33B35E /* Pods-InstagramFirebase.release.xcconfig */;
			buildSettings = {
				ASSETCATALOG_COMPILER_APPICON_NAME = AppIcon;
				DEVELOPMENT_TEAM = TN57A332FD;
				INFOPLIST_FILE = InstagramFirebase/Info.plist;
				LD_RUNPATH_SEARCH_PATHS = "$(inherited) @executable_path/Frameworks";
				PRODUCT_BUNDLE_IDENTIFIER = com.tide.InstagramFirebase;
				PRODUCT_NAME = "$(TARGET_NAME)";
				SWIFT_VERSION = 4.0;
				TARGETED_DEVICE_FAMILY = "1,2";
			};
			name = Release;
		};
/* End XCBuildConfiguration section */

/* Begin XCConfigurationList section */
		1BA17D851F58849200837AF1 /* Build configuration list for PBXProject "InstagramFirebase" */ = {
			isa = XCConfigurationList;
			buildConfigurations = (
				1BA17D9A1F58849200837AF1 /* Debug */,
				1BA17D9B1F58849200837AF1 /* Release */,
			);
			defaultConfigurationIsVisible = 0;
			defaultConfigurationName = Release;
		};
		1BA17D9C1F58849200837AF1 /* Build configuration list for PBXNativeTarget "InstagramFirebase" */ = {
			isa = XCConfigurationList;
			buildConfigurations = (
				1BA17D9D1F58849200837AF1 /* Debug */,
				1BA17D9E1F58849200837AF1 /* Release */,
			);
			defaultConfigurationIsVisible = 0;
			defaultConfigurationName = Release;
		};
/* End XCConfigurationList section */
	};
	rootObject = 1BA17D821F58849200837AF1 /* Project object */;
}
